
Microsoft Visual Studio Solution File, Format Version 12.00
# Visual Studio Version 17
VisualStudioVersion = 17.9.34714.143
MinimumVisualStudioVersion = 10.0.40219.1
Project("{FAE04EC0-301F-11D3-BF4B-00C04F79EFBC}") = "RentACar.App", "RentACar.App\RentACar.App.csproj", "{6602AB67-FE1F-47E7-8BFD-13421A40B15B}"
EndProject
Global
	GlobalSection(SolutionConfigurationPlatforms) = preSolution
		Debug|Any CPU = Debug|Any CPU
		Release|Any CPU = Release|Any CPU
	EndGlobalSection
	GlobalSection(ProjectConfigurationPlatforms) = postSolution
		{6602AB67-FE1F-47E7-8BFD-13421A40B15B}.Debug|Any CPU.ActiveCfg = Debug|Any CPU
		{6602AB67-FE1F-47E7-8BFD-13421A40B15B}.Debug|Any CPU.Build.0 = Debug|Any CPU
		{6602AB67-FE1F-47E7-8BFD-13421A40B15B}.Release|Any CPU.ActiveCfg = Release|Any CPU
		{6602AB67-FE1F-47E7-8BFD-13421A40B15B}.Release|Any CPU.Build.0 = Release|Any CPU
	EndGlobalSection
	GlobalSection(SolutionProperties) = preSolution
		HideSolutionNode = FALSE
	EndGlobalSection
	GlobalSection(ExtensibilityGlobals) = postSolution
		SolutionGuid = {3496495E-8B6E-42AA-BB37-201EB0FFE605}
	EndGlobalSection
EndGlobal
